
Microsoft Visual Studio Solution File, Format Version 11.00
# Visual Studio 2010
Project("{FAE04EC0-301F-11D3-BF4B-00C04F79EFBC}") = "Assembly-CSharp", "Assembly-CSharp.csproj", "{28a4d8a7-db9c-ef3d-4321-3e980c24d337}"
EndProject
Project("{FAE04EC0-301F-11D3-BF4B-00C04F79EFBC}") = "Assembly-CSharp-Editor", "Assembly-CSharp-Editor.csproj", "{30fa21ec-8edf-0ffc-5f15-027fd526bdf8}"
EndProject
Global
	GlobalSection(SolutionConfigurationPlatforms) = preSolution
		Debug|Any CPU = Debug|Any CPU
		Release|Any CPU = Release|Any CPU
	EndGlobalSection
	GlobalSection(ProjectConfigurationPlatforms) = postSolution
		{28a4d8a7-db9c-ef3d-4321-3e980c24d337}.Debug|Any CPU.ActiveCfg = Debug|Any CPU
		{28a4d8a7-db9c-ef3d-4321-3e980c24d337}.Debug|Any CPU.Build.0 = Debug|Any CPU
		{28a4d8a7-db9c-ef3d-4321-3e980c24d337}.Release|Any CPU.ActiveCfg = Release|Any CPU
		{28a4d8a7-db9c-ef3d-4321-3e980c24d337}.Release|Any CPU.Build.0 = Release|Any CPU
		{30fa21ec-8edf-0ffc-5f15-027fd526bdf8}.Debug|Any CPU.ActiveCfg = Debug|Any CPU
		{30fa21ec-8edf-0ffc-5f15-027fd526bdf8}.Debug|Any CPU.Build.0 = Debug|Any CPU
		{30fa21ec-8edf-0ffc-5f15-027fd526bdf8}.Release|Any CPU.ActiveCfg = Release|Any CPU
		{30fa21ec-8edf-0ffc-5f15-027fd526bdf8}.Release|Any CPU.Build.0 = Release|Any CPU
	EndGlobalSection
	GlobalSection(SolutionProperties) = preSolution
		HideSolutionNode = FALSE
	EndGlobalSection
EndGlobal
